// !$*UTF8*$!
{
	archiveVersion = 1;
	classes = {
	};
	objectVersion = 46;
	objects = {

/* Begin PBXBuildFile section */
		DD4EACF81A88BB8200C58520 /* main.m in Sources */ = {isa = PBXBuildFile; fileRef = DD4EACF71A88BB8200C58520 /* main.m */; };
		DD4EAD001A88BC2400C58520 /* Mascote.m in Sources */ = {isa = PBXBuildFile; fileRef = DD4EACFF1A88BC2400C58520 /* Mascote.m */; };
/* End PBXBuildFile section */

/* Begin PBXCopyFilesBuildPhase section */
		DD4EACF21A88BB8200C58520 /* CopyFiles */ = {
			isa = PBXCopyFilesBuildPhase;
			buildActionMask = 2147483647;
			dstPath = /usr/share/man/man1/;
			dstSubfolderSpec = 0;
			files = (
			);
			runOnlyForDeploymentPostprocessing = 1;
		};
/* End PBXCopyFilesBuildPhase section */

/* Begin PBXFileReference section */
		DD4EACF41A88BB8200C58520 /* programa 1.4 */ = {isa = PBXFileReference; explicitFileType = "compiled.mach-o.executable"; includeInIndex = 0; path = "programa 1.4"; sourceTree = BUILT_PRODUCTS_DIR; };
		DD4EACF71A88BB8200C58520 /* main.m */ = {isa = PBXFileReference; lastKnownFileType = sourcecode.c.objc; path = main.m; sourceTree = "<group>"; };
		DD4EACFE1A88BC2400C58520 /* Mascote.h */ = {isa = PBXFileReference; fileEncoding = 4; lastKnownFileType = sourcecode.c.h; path = Mascote.h; sourceTree = "<group>"; };
		DD4EACFF1A88BC2400C58520 /* Mascote.m */ = {isa = PBXFileReference; fileEncoding = 4; lastKnownFileType = sourcecode.c.objc; path = Mascote.m; sourceTree = "<group>"; };
/* End PBXFileReference section */

/* Begin PBXFrameworksBuildPhase section */
		DD4EACF11A88BB8200C58520 /* Frameworks */ = {
			isa = PBXFrameworksBuildPhase;
			buildActionMask = 2147483647;
			files = (
			);
			runOnlyForDeploymentPostprocessing = 0;
		};
/* End PBXFrameworksBuildPhase section */

/* Begin PBXGroup section */
		DD4EACEB1A88BB8200C58520 = {
			isa = PBXGroup;
			children = (
				DD4EACFE1A88BC2400C58520 /* Mascote.h */,
				DD4EACFF1A88BC2400C58520 /* Mascote.m */,
				DD4EACF61A88BB8200C58520 /* programa 1.4 */,
				DD4EACF51A88BB8200C58520 /* Products */,
			);
			sourceTree = "<group>";
		};
		DD4EACF51A88BB8200C58520 /* Products */ = {
			isa = PBXGroup;
			children = (
				DD4EACF41A88BB8200C58520 /* programa 1.4 */,
			);
			name = Products;
			sourceTree = "<group>";
		};
		DD4EACF61A88BB8200C58520 /* programa 1.4 */ = {
			isa = PBXGroup;
			children = (
				DD4EACF71A88BB8200C58520 /* main.m */,
			);
			path = "programa 1.4";
			sourceTree = "<group>";
		};
/* End PBXGroup section */

/* Begin PBXNativeTarget section */
		DD4EACF31A88BB8200C58520 /* programa 1.4 */ = {
			isa = PBXNativeTarget;
			buildConfigurationList = DD4EACFB1A88BB8200C58520 /* Build configuration list for PBXNativeTarget "programa 1.4" */;
			buildPhases = (
				DD4EACF01A88BB8200C58520 /* Sources */,
				DD4EACF11A88BB8200C58520 /* Frameworks */,
				DD4EACF21A88BB8200C58520 /* CopyFiles */,
			);
			buildRules = (
			);
			dependencies = (
			);
			name = "programa 1.4";
			productName = "programa 1.4";
			productReference = DD4EACF41A88BB8200C58520 /* programa 1.4 */;
			productType = "com.apple.product-type.tool";
		};
/* End PBXNativeTarget section */

/* Begin PBXProject section */
		DD4EACEC1A88BB8200C58520 /* Project object */ = {
			isa = PBXProject;
			attributes = {
				LastUpgradeCheck = 0610;
				ORGANIZATIONNAME = "Matheus Amancio Seixeiro";
				TargetAttributes = {
					DD4EACF31A88BB8200C58520 = {
						CreatedOnToolsVersion = 6.1.1;
					};
				};
			};
			buildConfigurationList = DD4EACEF1A88BB8200C58520 /* Build configuration list for PBXProject "programa 1.4" */;
			compatibilityVersion = "Xcode 3.2";
			developmentRegion = English;
			hasScannedForEncodings = 0;
			knownRegions = (
				en,
			);
			mainGroup = DD4EACEB1A88BB8200C58520;
			productRefGroup = DD4EACF51A88BB8200C58520 /* Products */;
			projectDirPath = "";
			projectRoot = "";
			targets = (
				DD4EACF31A88BB8200C58520 /* programa 1.4 */,
			);
		};
/* End PBXProject section */

/* Begin PBXSourcesBuildPhase section */
		DD4EACF01A88BB8200C58520 /* Sources */ = {
			isa = PBXSourcesBuildPhase;
			buildActionMask = 2147483647;
			files = (
				DD4EAD001A88BC2400C58520 /* Mascote.m in Sources */,
				DD4EACF81A88BB8200C58520 /* main.m in Sources */,
			);
			runOnlyForDeploymentPostprocessing = 0;
		};
/* End PBXSourcesBuildPhase section */

/* Begin XCBuildConfiguration section */
		DD4EACF91A88BB8200C58520 /* Debug */ = {
			isa = XCBuildConfiguration;
			buildSettings = {
				ALWAYS_SEARCH_USER_PATHS = NO;
				CLANG_CXX_LANGUAGE_STANDARD = "gnu++0x";
				CLANG_CXX_LIBRARY = "libc++";
				CLANG_ENABLE_MODULES = YES;
				CLANG_ENABLE_OBJC_ARC = YES;
				CLANG_WARN_BOOL_CONVERSION = YES;
				CLANG_WARN_CONSTANT_CONVERSION = YES;
				CLANG_WARN_DIRECT_OBJC_ISA_USAGE = YES_ERROR;
				CLANG_WARN_EMPTY_BODY = YES;
				CLANG_WARN_ENUM_CONVERSION = YES;
				CLANG_WARN_INT_CONVERSION = YES;
				CLANG_WARN_OBJC_ROOT_CLASS = YES_ERROR;
				CLANG_WARN_UNREACHABLE_CODE = YES;
				CLANG_WARN__DUPLICATE_METHOD_MATCH = YES;
				COPY_PHASE_STRIP = NO;
				ENABLE_STRICT_OBJC_MSGSEND = YES;
				GCC_C_LANGUAGE_STANDARD = gnu99;
				GCC_DYNAMIC_NO_PIC = NO;
				GCC_OPTIMIZATION_LEVEL = 0;
				GCC_PREPROCESSOR_DEFINITIONS = (
					"DEBUG=1",
					"$(inherited)",
				);
				GCC_SYMBOLS_PRIVATE_EXTERN = NO;
				GCC_WARN_64_TO_32_BIT_CONVERSION = YES;
				GCC_WARN_ABOUT_RETURN_TYPE = YES_ERROR;
				GCC_WARN_UNDECLARED_SELECTOR = YES;
				GCC_WARN_UNINITIALIZED_AUTOS = YES_AGGRESSIVE;
				GCC_WARN_UNUSED_FUNCTION = YES;
				GCC_WARN_UNUSED_VARIABLE = YES;
				MACOSX_DEPLOYMENT_TARGET = 10.10;
				MTL_ENABLE_DEBUG_INFO = YES;
				ONLY_ACTIVE_ARCH = YES;
				SDKROOT = macosx;
			};
			name = Debug;
		};
		DD4EACFA1A88BB8200C58520 /* Release */ = {
			isa = XCBuildConfiguration;
			buildSettings = {
				ALWAYS_SEARCH_USER_PATHS = NO;
				CLANG_CXX_LANGUAGE_STANDARD = "gnu++0x";
				CLANG_CXX_LIBRARY = "libc++";
				CLANG_ENABLE_MODULES = YES;
				CLANG_ENABLE_OBJC_ARC = YES;
				CLANG_WARN_BOOL_CONVERSION = YES;
				CLANG_WARN_CONSTANT_CONVERSION = YES;
				CLANG_WARN_DIRECT_OBJC_ISA_USAGE = YES_ERROR;
				CLANG_WARN_EMPTY_BODY = YES;
				CLANG_WARN_ENUM_CONVERSION = YES;
				CLANG_WARN_INT_CONVERSION = YES;
				CLANG_WARN_OBJC_ROOT_CLASS = YES_ERROR;
				CLANG_WARN_UNREACHABLE_CODE = YES;
				CLANG_WARN__DUPLICATE_METHOD_MATCH = YES;
				COPY_PHASE_STRIP = YES;
				DEBUG_INFORMATION_FORMAT = "dwarf-with-dsym";
				ENABLE_NS_ASSERTIONS = NO;
				ENABLE_STRICT_OBJC_MSGSEND = YES;
				GCC_C_LANGUAGE_STANDARD = gnu99;
				GCC_WARN_64_TO_32_BIT_CONVERSION = YES;
				GCC_WARN_ABOUT_RETURN_TYPE = YES_ERROR;
				GCC_WARN_UNDECLARED_SELECTOR = YES;
				GCC_WARN_UNINITIALIZED_AUTOS = YES_AGGRESSIVE;
				GCC_WARN_UNUSED_FUNCTION = YES;
				GCC_WARN_UNUSED_VARIABLE = YES;
				MACOSX_DEPLOYMENT_TARGET = 10.10;
				MTL_ENABLE_DEBUG_INFO = NO;
				SDKROOT = macosx;
			};
			name = Release;
		};
		DD4EACFC1A88BB8200C58520 /* Debug */ = {
			isa = XCBuildConfiguration;
			buildSettings = {
				PRODUCT_NAME = "$(TARGET_NAME)";
			};
			name = Debug;
		};
		DD4EACFD1A88BB8200C58520 /* Release */ = {
			isa = XCBuildConfiguration;
			buildSettings = {
				PRODUCT_NAME = "$(TARGET_NAME)";
			};
			name = Release;
		};
/* End XCBuildConfiguration section */

/* Begin XCConfigurationList section */
		DD4EACEF1A88BB8200C58520 /* Build configuration list for PBXProject "programa 1.4" */ = {
			isa = XCConfigurationList;
			buildConfigurations = (
				DD4EACF91A88BB8200C58520 /* Debug */,
				DD4EACFA1A88BB8200C58520 /* Release */,
			);
			defaultConfigurationIsVisible = 0;
			defaultConfigurationName = Release;
		};
		DD4EACFB1A88BB8200C58520 /* Build configuration list for PBXNativeTarget "programa 1.4" */ = {
			isa = XCConfigurationList;
			buildConfigurations = (
				DD4EACFC1A88BB8200C58520 /* Debug */,
				DD4EACFD1A88BB8200C58520 /* Release */,
			);
			defaultConfigurationIsVisible = 0;
		};
/* End XCConfigurationList section */
	};
	rootObject = DD4EACEC1A88BB8200C58520 /* Project object */;
}
